// !$*UTF8*$!
{
	archiveVersion = 1;
	classes = {
	};
	objectVersion = 46;
	objects = {

/* Begin PBXBuildFile section */
		3D6F3A741ED0508D006E955E /* main.cpp in Sources */ = {isa = PBXBuildFile; fileRef = 3D6F3A731ED0508D006E955E /* main.cpp */; };
		3D6F3A7E1ED055CE006E955E /* Page1.cpp in Sources */ = {isa = PBXBuildFile; fileRef = 3D6F3A7C1ED055CE006E955E /* Page1.cpp */; };
		3D6F3A821ED05AD2006E955E /* HelperFunctions.cpp in Sources */ = {isa = PBXBuildFile; fileRef = 3D6F3A801ED05AD2006E955E /* HelperFunctions.cpp */; };
/* End PBXBuildFile section */

/* Begin PBXCopyFilesBuildPhase section */
		3D6F3A6E1ED0508D006E955E /* CopyFiles */ = {
			isa = PBXCopyFilesBuildPhase;
			buildActionMask = 2147483647;
			dstPath = /usr/share/man/man1/;
			dstSubfolderSpec = 0;
			files = (
			);
			runOnlyForDeploymentPostprocessing = 1;
		};
/* End PBXCopyFilesBuildPhase section */

/* Begin PBXFileReference section */
		3D6F3A701ED0508D006E955E /* SPOJ */ = {isa = PBXFileReference; explicitFileType = "compiled.mach-o.executable"; includeInIndex = 0; path = SPOJ; sourceTree = BUILT_PRODUCTS_DIR; };
		3D6F3A731ED0508D006E955E /* main.cpp */ = {isa = PBXFileReference; lastKnownFileType = sourcecode.cpp.cpp; path = main.cpp; sourceTree = "<group>"; };
		3D6F3A7C1ED055CE006E955E /* Page1.cpp */ = {isa = PBXFileReference; fileEncoding = 4; lastKnownFileType = sourcecode.cpp.cpp; path = Page1.cpp; sourceTree = "<group>"; };
		3D6F3A7D1ED055CE006E955E /* Page1.hpp */ = {isa = PBXFileReference; fileEncoding = 4; lastKnownFileType = sourcecode.cpp.h; path = Page1.hpp; sourceTree = "<group>"; };
		3D6F3A801ED05AD2006E955E /* HelperFunctions.cpp */ = {isa = PBXFileReference; fileEncoding = 4; lastKnownFileType = sourcecode.cpp.cpp; path = HelperFunctions.cpp; sourceTree = "<group>"; };
		3D6F3A811ED05AD2006E955E /* HelperFunctions.hpp */ = {isa = PBXFileReference; fileEncoding = 4; lastKnownFileType = sourcecode.cpp.h; path = HelperFunctions.hpp; sourceTree = "<group>"; };
/* End PBXFileReference section */

/* Begin PBXFrameworksBuildPhase section */
		3D6F3A6D1ED0508D006E955E /* Frameworks */ = {
			isa = PBXFrameworksBuildPhase;
			buildActionMask = 2147483647;
			files = (
			);
			runOnlyForDeploymentPostprocessing = 0;
		};
/* End PBXFrameworksBuildPhase section */

/* Begin PBXGroup section */
		3D6F3A671ED0508D006E955E = {
			isa = PBXGroup;
			children = (
				3D6F3A721ED0508D006E955E /* SPOJ */,
				3D6F3A711ED0508D006E955E /* Products */,
			);
			sourceTree = "<group>";
		};
		3D6F3A711ED0508D006E955E /* Products */ = {
			isa = PBXGroup;
			children = (
				3D6F3A701ED0508D006E955E /* SPOJ */,
			);
			name = Products;
			sourceTree = "<group>";
		};
		3D6F3A721ED0508D006E955E /* SPOJ */ = {
			isa = PBXGroup;
			children = (
				3D6F3A7F1ED05AAE006E955E /* Pages */,
				3D6F3A801ED05AD2006E955E /* HelperFunctions.cpp */,
				3D6F3A811ED05AD2006E955E /* HelperFunctions.hpp */,
				3D6F3A731ED0508D006E955E /* main.cpp */,
			);
			path = SPOJ;
			sourceTree = "<group>";
		};
		3D6F3A7F1ED05AAE006E955E /* Pages */ = {
			isa = PBXGroup;
			children = (
				3D6F3A7C1ED055CE006E955E /* Page1.cpp */,
				3D6F3A7D1ED055CE006E955E /* Page1.hpp */,
			);
			name = Pages;
			sourceTree = "<group>";
		};
/* End PBXGroup section */

/* Begin PBXNativeTarget section */
		3D6F3A6F1ED0508D006E955E /* SPOJ */ = {
			isa = PBXNativeTarget;
			buildConfigurationList = 3D6F3A771ED0508D006E955E /* Build configuration list for PBXNativeTarget "SPOJ" */;
			buildPhases = (
				3D6F3A6C1ED0508D006E955E /* Sources */,
				3D6F3A6D1ED0508D006E955E /* Frameworks */,
				3D6F3A6E1ED0508D006E955E /* CopyFiles */,
			);
			buildRules = (
			);
			dependencies = (
			);
			name = SPOJ;
			productName = SPOJ;
			productReference = 3D6F3A701ED0508D006E955E /* SPOJ */;
			productType = "com.apple.product-type.tool";
		};
/* End PBXNativeTarget section */

/* Begin PBXProject section */
		3D6F3A681ED0508D006E955E /* Project object */ = {
			isa = PBXProject;
			attributes = {
				LastUpgradeCheck = 0830;
				ORGANIZATIONNAME = "Taguhi Abgaryan";
				TargetAttributes = {
					3D6F3A6F1ED0508D006E955E = {
						CreatedOnToolsVersion = 8.3.2;
						DevelopmentTeam = URT24V64BJ;
						ProvisioningStyle = Automatic;
					};
				};
			};
			buildConfigurationList = 3D6F3A6B1ED0508D006E955E /* Build configuration list for PBXProject "SPOJ" */;
			compatibilityVersion = "Xcode 3.2";
			developmentRegion = English;
			hasScannedForEncodings = 0;
			knownRegions = (
				en,
			);
			mainGroup = 3D6F3A671ED0508D006E955E;
			productRefGroup = 3D6F3A711ED0508D006E955E /* Products */;
			projectDirPath = "";
			projectRoot = "";
			targets = (
				3D6F3A6F1ED0508D006E955E /* SPOJ */,
			);
		};
/* End PBXProject section */

/* Begin PBXSourcesBuildPhase section */
		3D6F3A6C1ED0508D006E955E /* Sources */ = {
			isa = PBXSourcesBuildPhase;
			buildActionMask = 2147483647;
			files = (
				3D6F3A7E1ED055CE006E955E /* Page1.cpp in Sources */,
				3D6F3A741ED0508D006E955E /* main.cpp in Sources */,
				3D6F3A821ED05AD2006E955E /* HelperFunctions.cpp in Sources */,
			);
			runOnlyForDeploymentPostprocessing = 0;
		};
/* End PBXSourcesBuildPhase section */

/* Begin XCBuildConfiguration section */
		3D6F3A751ED0508D006E955E /* Debug */ = {
			isa = XCBuildConfiguration;
			buildSettings = {
				ALWAYS_SEARCH_USER_PATHS = NO;
				CLANG_ANALYZER_NONNULL = YES;
				CLANG_ANALYZER_NUMBER_OBJECT_CONVERSION = YES_AGGRESSIVE;
				CLANG_CXX_LANGUAGE_STANDARD = "gnu++0x";
				CLANG_CXX_LIBRARY = "libc++";
				CLANG_ENABLE_MODULES = YES;
				CLANG_ENABLE_OBJC_ARC = YES;
				CLANG_WARN_BOOL_CONVERSION = YES;
				CLANG_WARN_CONSTANT_CONVERSION = YES;
				CLANG_WARN_DIRECT_OBJC_ISA_USAGE = YES_ERROR;
				CLANG_WARN_DOCUMENTATION_COMMENTS = YES;
				CLANG_WARN_EMPTY_BODY = YES;
				CLANG_WARN_ENUM_CONVERSION = YES;
				CLANG_WARN_INFINITE_RECURSION = YES;
				CLANG_WARN_INT_CONVERSION = YES;
				CLANG_WARN_OBJC_ROOT_CLASS = YES_ERROR;
				CLANG_WARN_SUSPICIOUS_MOVE = YES;
				CLANG_WARN_UNREACHABLE_CODE = YES;
				CLANG_WARN__DUPLICATE_METHOD_MATCH = YES;
				CODE_SIGN_IDENTITY = "-";
				COPY_PHASE_STRIP = NO;
				DEBUG_INFORMATION_FORMAT = dwarf;
				ENABLE_STRICT_OBJC_MSGSEND = YES;
				ENABLE_TESTABILITY = YES;
				GCC_C_LANGUAGE_STANDARD = gnu99;
				GCC_DYNAMIC_NO_PIC = NO;
				GCC_NO_COMMON_BLOCKS = YES;
				GCC_OPTIMIZATION_LEVEL = 0;
				GCC_PREPROCESSOR_DEFINITIONS = (
					"DEBUG=1",
					"$(inherited)",
				);
				GCC_WARN_64_TO_32_BIT_CONVERSION = YES;
				GCC_WARN_ABOUT_RETURN_TYPE = YES_ERROR;
				GCC_WARN_UNDECLARED_SELECTOR = YES;
				GCC_WARN_UNINITIALIZED_AUTOS = YES_AGGRESSIVE;
				GCC_WARN_UNUSED_FUNCTION = YES;
				GCC_WARN_UNUSED_VARIABLE = YES;
				MACOSX_DEPLOYMENT_TARGET = 10.12;
				MTL_ENABLE_DEBUG_INFO = YES;
				ONLY_ACTIVE_ARCH = YES;
				SDKROOT = macosx;
			};
			name = Debug;
		};
		3D6F3A761ED0508D006E955E /* Release */ = {
			isa = XCBuildConfiguration;
			buildSettings = {
				ALWAYS_SEARCH_USER_PATHS = NO;
				CLANG_ANALYZER_NONNULL = YES;
				CLANG_ANALYZER_NUMBER_OBJECT_CONVERSION = YES_AGGRESSIVE;
				CLANG_CXX_LANGUAGE_STANDARD = "gnu++0x";
				CLANG_CXX_LIBRARY = "libc++";
				CLANG_ENABLE_MODULES = YES;
				CLANG_ENABLE_OBJC_ARC = YES;
				CLANG_WARN_BOOL_CONVERSION = YES;
				CLANG_WARN_CONSTANT_CONVERSION = YES;
				CLANG_WARN_DIRECT_OBJC_ISA_USAGE = YES_ERROR;
				CLANG_WARN_DOCUMENTATION_COMMENTS = YES;
				CLANG_WARN_EMPTY_BODY = YES;
				CLANG_WARN_ENUM_CONVERSION = YES;
				CLANG_WARN_INFINITE_RECURSION = YES;
				CLANG_WARN_INT_CONVERSION = YES;
				CLANG_WARN_OBJC_ROOT_CLASS = YES_ERROR;
				CLANG_WARN_SUSPICIOUS_MOVE = YES;
				CLANG_WARN_UNREACHABLE_CODE = YES;
				CLANG_WARN__DUPLICATE_METHOD_MATCH = YES;
				CODE_SIGN_IDENTITY = "-";
				COPY_PHASE_STRIP = NO;
				DEBUG_INFORMATION_FORMAT = "dwarf-with-dsym";
				ENABLE_NS_ASSERTIONS = NO;
				ENABLE_STRICT_OBJC_MSGSEND = YES;
				GCC_C_LANGUAGE_STANDARD = gnu99;
				GCC_NO_COMMON_BLOCKS = YES;
				GCC_WARN_64_TO_32_BIT_CONVERSION = YES;
				GCC_WARN_ABOUT_RETURN_TYPE = YES_ERROR;
				GCC_WARN_UNDECLARED_SELECTOR = YES;
				GCC_WARN_UNINITIALIZED_AUTOS = YES_AGGRESSIVE;
				GCC_WARN_UNUSED_FUNCTION = YES;
				GCC_WARN_UNUSED_VARIABLE = YES;
				MACOSX_DEPLOYMENT_TARGET = 10.12;
				MTL_ENABLE_DEBUG_INFO = NO;
				SDKROOT = macosx;
			};
			name = Release;
		};
		3D6F3A781ED0508D006E955E /* Debug */ = {
			isa = XCBuildConfiguration;
			buildSettings = {
				DEVELOPMENT_TEAM = URT24V64BJ;
				PRODUCT_NAME = "$(TARGET_NAME)";
			};
			name = Debug;
		};
		3D6F3A791ED0508D006E955E /* Release */ = {
			isa = XCBuildConfiguration;
			buildSettings = {
				DEVELOPMENT_TEAM = URT24V64BJ;
				PRODUCT_NAME = "$(TARGET_NAME)";
			};
			name = Release;
		};
/* End XCBuildConfiguration section */

/* Begin XCConfigurationList section */
		3D6F3A6B1ED0508D006E955E /* Build configuration list for PBXProject "SPOJ" */ = {
			isa = XCConfigurationList;
			buildConfigurations = (
				3D6F3A751ED0508D006E955E /* Debug */,
				3D6F3A761ED0508D006E955E /* Release */,
			);
			defaultConfigurationIsVisible = 0;
			defaultConfigurationName = Release;
		};
		3D6F3A771ED0508D006E955E /* Build configuration list for PBXNativeTarget "SPOJ" */ = {
			isa = XCConfigurationList;
			buildConfigurations = (
				3D6F3A781ED0508D006E955E /* Debug */,
				3D6F3A791ED0508D006E955E /* Release */,
			);
			defaultConfigurationIsVisible = 0;
		};
/* End XCConfigurationList section */
	};
	rootObject = 3D6F3A681ED0508D006E955E /* Project object */;
}
